
Microsoft Visual Studio Solution File, Format Version 12.00
# Visual Studio Version 17
VisualStudioVersion = 17.0.31903.59
MinimumVisualStudioVersion = 10.0.40219.1
Project("{2150E333-8FDC-42A3-9474-1A3956D46DE8}") = "src", "src", "{827E0CD3-B72D-47B6-A68D-7590B98EB39B}"
EndProject
Project("{2150E333-8FDC-42A3-9474-1A3956D46DE8}") = "Domain", "Domain", "{8B290487-4C16-E85E-E807-F579CBE9FC4D}"
EndProject
Project("{FAE04EC0-301F-11D3-BF4B-00C04F79EFBC}") = "PrimeInventory.Domain", "src\Domain\PrimeInventory.Domain\PrimeInventory.Domain.csproj", "{20380671-83FE-46D6-93A3-6F8E2F99746B}"
EndProject
Project("{2150E333-8FDC-42A3-9474-1A3956D46DE8}") = "ApplicationCore", "ApplicationCore", "{5AF5A95C-BDB7-4A5C-E9DB-BA21608C7064}"
EndProject
Project("{FAE04EC0-301F-11D3-BF4B-00C04F79EFBC}") = "PrimeInventory.ApplicationCore", "src\ApplicationCore\PrimeInventory.ApplicationCore\PrimeInventory.ApplicationCore.csproj", "{B42F8239-E40B-47A3-9798-87E16ECC695B}"
EndProject
Project("{2150E333-8FDC-42A3-9474-1A3956D46DE8}") = "Infrastructure", "Infrastructure", "{9048EB7F-3875-A59E-E36B-5BD4C6F2A282}"
EndProject
Project("{FAE04EC0-301F-11D3-BF4B-00C04F79EFBC}") = "PrimeInventory.Infrastructure", "src\Infrastructure\PrimeInventory.Infrastructure\PrimeInventory.Infrastructure.csproj", "{2287F896-6219-450A-AF15-1F802C4C0F8B}"
EndProject
Project("{2150E333-8FDC-42A3-9474-1A3956D46DE8}") = "API", "API", "{81034408-37C8-1011-444E-4C15C2FADA8E}"
EndProject
Project("{FAE04EC0-301F-11D3-BF4B-00C04F79EFBC}") = "PrimeInventory.API", "src\API\PrimeInventory.API\PrimeInventory.API.csproj", "{D2090AAE-7F0D-429E-A267-679DAE2F025F}"
EndProject
Project("{2150E333-8FDC-42A3-9474-1A3956D46DE8}") = "MauiClient", "MauiClient", "{F209B275-D49D-B68A-8F78-50070AB1BCCC}"
EndProject
Project("{FAE04EC0-301F-11D3-BF4B-00C04F79EFBC}") = "PrimeInventory.MauiClient", "src\MauiClient\PrimeInventory.MauiClient\PrimeInventory.MauiClient.csproj", "{A9E511BC-1280-43E7-BFC4-A6470538A64B}"
EndProject
Global
	GlobalSection(SolutionConfigurationPlatforms) = preSolution
		Debug|Any CPU = Debug|Any CPU
		Debug|x64 = Debug|x64
		Debug|x86 = Debug|x86
		Release|Any CPU = Release|Any CPU
		Release|x64 = Release|x64
		Release|x86 = Release|x86
	EndGlobalSection
	GlobalSection(ProjectConfigurationPlatforms) = postSolution
		{20380671-83FE-46D6-93A3-6F8E2F99746B}.Debug|Any CPU.ActiveCfg = Debug|Any CPU
		{20380671-83FE-46D6-93A3-6F8E2F99746B}.Debug|Any CPU.Build.0 = Debug|Any CPU
		{20380671-83FE-46D6-93A3-6F8E2F99746B}.Debug|x64.ActiveCfg = Debug|Any CPU
		{20380671-83FE-46D6-93A3-6F8E2F99746B}.Debug|x64.Build.0 = Debug|Any CPU
		{20380671-83FE-46D6-93A3-6F8E2F99746B}.Debug|x86.ActiveCfg = Debug|Any CPU
		{20380671-83FE-46D6-93A3-6F8E2F99746B}.Debug|x86.Build.0 = Debug|Any CPU
		{20380671-83FE-46D6-93A3-6F8E2F99746B}.Release|Any CPU.ActiveCfg = Release|Any CPU
		{20380671-83FE-46D6-93A3-6F8E2F99746B}.Release|Any CPU.Build.0 = Release|Any CPU
		{20380671-83FE-46D6-93A3-6F8E2F99746B}.Release|x64.ActiveCfg = Release|Any CPU
		{20380671-83FE-46D6-93A3-6F8E2F99746B}.Release|x64.Build.0 = Release|Any CPU
		{20380671-83FE-46D6-93A3-6F8E2F99746B}.Release|x86.ActiveCfg = Release|Any CPU
		{20380671-83FE-46D6-93A3-6F8E2F99746B}.Release|x86.Build.0 = Release|Any CPU
		{B42F8239-E40B-47A3-9798-87E16ECC695B}.Debug|Any CPU.ActiveCfg = Debug|Any CPU
		{B42F8239-E40B-47A3-9798-87E16ECC695B}.Debug|Any CPU.Build.0 = Debug|Any CPU
		{B42F8239-E40B-47A3-9798-87E16ECC695B}.Debug|x64.ActiveCfg = Debug|Any CPU
		{B42F8239-E40B-47A3-9798-87E16ECC695B}.Debug|x64.Build.0 = Debug|Any CPU
		{B42F8239-E40B-47A3-9798-87E16ECC695B}.Debug|x86.ActiveCfg = Debug|Any CPU
		{B42F8239-E40B-47A3-9798-87E16ECC695B}.Debug|x86.Build.0 = Debug|Any CPU
		{B42F8239-E40B-47A3-9798-87E16ECC695B}.Release|Any CPU.ActiveCfg = Release|Any CPU
		{B42F8239-E40B-47A3-9798-87E16ECC695B}.Release|Any CPU.Build.0 = Release|Any CPU
		{B42F8239-E40B-47A3-9798-87E16ECC695B}.Release|x64.ActiveCfg = Release|Any CPU
		{B42F8239-E40B-47A3-9798-87E16ECC695B}.Release|x64.Build.0 = Release|Any CPU
		{B42F8239-E40B-47A3-9798-87E16ECC695B}.Release|x86.ActiveCfg = Release|Any CPU
		{B42F8239-E40B-47A3-9798-87E16ECC695B}.Release|x86.Build.0 = Release|Any CPU
		{2287F896-6219-450A-AF15-1F802C4C0F8B}.Debug|Any CPU.ActiveCfg = Debug|Any CPU
		{2287F896-6219-450A-AF15-1F802C4C0F8B}.Debug|Any CPU.Build.0 = Debug|Any CPU
		{2287F896-6219-450A-AF15-1F802C4C0F8B}.Debug|x64.ActiveCfg = Debug|Any CPU
		{2287F896-6219-450A-AF15-1F802C4C0F8B}.Debug|x64.Build.0 = Debug|Any CPU
		{2287F896-6219-450A-AF15-1F802C4C0F8B}.Debug|x86.ActiveCfg = Debug|Any CPU
		{2287F896-6219-450A-AF15-1F802C4C0F8B}.Debug|x86.Build.0 = Debug|Any CPU
		{2287F896-6219-450A-AF15-1F802C4C0F8B}.Release|Any CPU.ActiveCfg = Release|Any CPU
		{2287F896-6219-450A-AF15-1F802C4C0F8B}.Release|Any CPU.Build.0 = Release|Any CPU
		{2287F896-6219-450A-AF15-1F802C4C0F8B}.Release|x64.ActiveCfg = Release|Any CPU
		{2287F896-6219-450A-AF15-1F802C4C0F8B}.Release|x64.Build.0 = Release|Any CPU
		{2287F896-6219-450A-AF15-1F802C4C0F8B}.Release|x86.ActiveCfg = Release|Any CPU
		{2287F896-6219-450A-AF15-1F802C4C0F8B}.Release|x86.Build.0 = Release|Any CPU
		{D2090AAE-7F0D-429E-A267-679DAE2F025F}.Debug|Any CPU.ActiveCfg = Debug|Any CPU
		{D2090AAE-7F0D-429E-A267-679DAE2F025F}.Debug|Any CPU.Build.0 = Debug|Any CPU
		{D2090AAE-7F0D-429E-A267-679DAE2F025F}.Debug|x64.ActiveCfg = Debug|Any CPU
		{D2090AAE-7F0D-429E-A267-679DAE2F025F}.Debug|x64.Build.0 = Debug|Any CPU
		{D2090AAE-7F0D-429E-A267-679DAE2F025F}.Debug|x86.ActiveCfg = Debug|Any CPU
		{D2090AAE-7F0D-429E-A267-679DAE2F025F}.Debug|x86.Build.0 = Debug|Any CPU
		{D2090AAE-7F0D-429E-A267-679DAE2F025F}.Release|Any CPU.ActiveCfg = Release|Any CPU
		{D2090AAE-7F0D-429E-A267-679DAE2F025F}.Release|Any CPU.Build.0 = Release|Any CPU
		{D2090AAE-7F0D-429E-A267-679DAE2F025F}.Release|x64.ActiveCfg = Release|Any CPU
		{D2090AAE-7F0D-429E-A267-679DAE2F025F}.Release|x64.Build.0 = Release|Any CPU
		{D2090AAE-7F0D-429E-A267-679DAE2F025F}.Release|x86.ActiveCfg = Release|Any CPU
		{D2090AAE-7F0D-429E-A267-679DAE2F025F}.Release|x86.Build.0 = Release|Any CPU
		{A9E511BC-1280-43E7-BFC4-A6470538A64B}.Debug|Any CPU.ActiveCfg = Debug|Any CPU
		{A9E511BC-1280-43E7-BFC4-A6470538A64B}.Debug|Any CPU.Build.0 = Debug|Any CPU
		{A9E511BC-1280-43E7-BFC4-A6470538A64B}.Debug|x64.ActiveCfg = Debug|Any CPU
		{A9E511BC-1280-43E7-BFC4-A6470538A64B}.Debug|x64.Build.0 = Debug|Any CPU
		{A9E511BC-1280-43E7-BFC4-A6470538A64B}.Debug|x86.ActiveCfg = Debug|Any CPU
		{A9E511BC-1280-43E7-BFC4-A6470538A64B}.Debug|x86.Build.0 = Debug|Any CPU
		{A9E511BC-1280-43E7-BFC4-A6470538A64B}.Release|Any CPU.ActiveCfg = Release|Any CPU
		{A9E511BC-1280-43E7-BFC4-A6470538A64B}.Release|Any CPU.Build.0 = Release|Any CPU
		{A9E511BC-1280-43E7-BFC4-A6470538A64B}.Release|x64.ActiveCfg = Release|Any CPU
		{A9E511BC-1280-43E7-BFC4-A6470538A64B}.Release|x64.Build.0 = Release|Any CPU
		{A9E511BC-1280-43E7-BFC4-A6470538A64B}.Release|x86.ActiveCfg = Release|Any CPU
		{A9E511BC-1280-43E7-BFC4-A6470538A64B}.Release|x86.Build.0 = Release|Any CPU
	EndGlobalSection
	GlobalSection(SolutionProperties) = preSolution
		HideSolutionNode = FALSE
	EndGlobalSection
	GlobalSection(NestedProjects) = preSolution
		{8B290487-4C16-E85E-E807-F579CBE9FC4D} = {827E0CD3-B72D-47B6-A68D-7590B98EB39B}
		{20380671-83FE-46D6-93A3-6F8E2F99746B} = {8B290487-4C16-E85E-E807-F579CBE9FC4D}
		{5AF5A95C-BDB7-4A5C-E9DB-BA21608C7064} = {827E0CD3-B72D-47B6-A68D-7590B98EB39B}
		{B42F8239-E40B-47A3-9798-87E16ECC695B} = {5AF5A95C-BDB7-4A5C-E9DB-BA21608C7064}
		{9048EB7F-3875-A59E-E36B-5BD4C6F2A282} = {827E0CD3-B72D-47B6-A68D-7590B98EB39B}
		{2287F896-6219-450A-AF15-1F802C4C0F8B} = {9048EB7F-3875-A59E-E36B-5BD4C6F2A282}
		{81034408-37C8-1011-444E-4C15C2FADA8E} = {827E0CD3-B72D-47B6-A68D-7590B98EB39B}
		{D2090AAE-7F0D-429E-A267-679DAE2F025F} = {81034408-37C8-1011-444E-4C15C2FADA8E}
		{F209B275-D49D-B68A-8F78-50070AB1BCCC} = {827E0CD3-B72D-47B6-A68D-7590B98EB39B}
		{A9E511BC-1280-43E7-BFC4-A6470538A64B} = {F209B275-D49D-B68A-8F78-50070AB1BCCC}
	EndGlobalSection
EndGlobal
